
Microsoft Visual Studio Solution File, Format Version 12.00
# Visual Studio 14
VisualStudioVersion = 14.0.25420.1
MinimumVisualStudioVersion = 10.0.40219.1
Project("{FAE04EC0-301F-11D3-BF4B-00C04F79EFBC}") = "ConsoleAppDemo", "ConsoleAppDemo\ConsoleAppDemo.csproj", "{50AE7CFE-1123-4A29-B63F-2BB9CDB0FAB8}"
EndProject
Project("{FAE04EC0-301F-11D3-BF4B-00C04F79EFBC}") = "TeamConsoleTigers", "TeamConsoleTigers\TeamConsoleTigers.csproj", "{123BD15A-7720-4B23-A1C3-4D7C30CE71AC}"
EndProject
Project("{FAE04EC0-301F-11D3-BF4B-00C04F79EFBC}") = "BookLibrary", "BookLibrary\BookLibrary.csproj", "{FE023D91-B3BB-4C46-866A-E437FE28516C}"
EndProject
Project("{FAE04EC0-301F-11D3-BF4B-00C04F79EFBC}") = "ServerSidePRoject", "ServerSidePRoject\ServerSidePRoject.csproj", "{76AB2459-A9CE-4750-B3C8-ACBD27A7451B}"
EndProject
Global
	GlobalSection(SolutionConfigurationPlatforms) = preSolution
		Debug|Any CPU = Debug|Any CPU
		Release|Any CPU = Release|Any CPU
	EndGlobalSection
	GlobalSection(ProjectConfigurationPlatforms) = postSolution
		{50AE7CFE-1123-4A29-B63F-2BB9CDB0FAB8}.Debug|Any CPU.ActiveCfg = Debug|Any CPU
		{50AE7CFE-1123-4A29-B63F-2BB9CDB0FAB8}.Debug|Any CPU.Build.0 = Debug|Any CPU
		{50AE7CFE-1123-4A29-B63F-2BB9CDB0FAB8}.Release|Any CPU.ActiveCfg = Release|Any CPU
		{50AE7CFE-1123-4A29-B63F-2BB9CDB0FAB8}.Release|Any CPU.Build.0 = Release|Any CPU
		{123BD15A-7720-4B23-A1C3-4D7C30CE71AC}.Debug|Any CPU.ActiveCfg = Debug|Any CPU
		{123BD15A-7720-4B23-A1C3-4D7C30CE71AC}.Debug|Any CPU.Build.0 = Debug|Any CPU
		{123BD15A-7720-4B23-A1C3-4D7C30CE71AC}.Release|Any CPU.ActiveCfg = Release|Any CPU
		{123BD15A-7720-4B23-A1C3-4D7C30CE71AC}.Release|Any CPU.Build.0 = Release|Any CPU
		{FE023D91-B3BB-4C46-866A-E437FE28516C}.Debug|Any CPU.ActiveCfg = Debug|Any CPU
		{FE023D91-B3BB-4C46-866A-E437FE28516C}.Debug|Any CPU.Build.0 = Debug|Any CPU
		{FE023D91-B3BB-4C46-866A-E437FE28516C}.Release|Any CPU.ActiveCfg = Release|Any CPU
		{FE023D91-B3BB-4C46-866A-E437FE28516C}.Release|Any CPU.Build.0 = Release|Any CPU
		{76AB2459-A9CE-4750-B3C8-ACBD27A7451B}.Debug|Any CPU.ActiveCfg = Debug|Any CPU
		{76AB2459-A9CE-4750-B3C8-ACBD27A7451B}.Debug|Any CPU.Build.0 = Debug|Any CPU
		{76AB2459-A9CE-4750-B3C8-ACBD27A7451B}.Release|Any CPU.ActiveCfg = Release|Any CPU
		{76AB2459-A9CE-4750-B3C8-ACBD27A7451B}.Release|Any CPU.Build.0 = Release|Any CPU
	EndGlobalSection
	GlobalSection(SolutionProperties) = preSolution
		HideSolutionNode = FALSE
	EndGlobalSection
EndGlobal
